# This file is automatically @generated by Cargo.
# It is not intended for manual editing.
version = 3

[[package]]
name = "atk-sys"
version = "0.5.0"
source = "registry+https://github.com/rust-lang/crates.io-index"
checksum = "33a67fd81e1922dddc335887516f2f5254534e89c9d39fa89bca5d79bd150d34"
dependencies = [
 "bitflags",
 "glib-sys",
 "gobject-sys",
 "libc",
 "pkg-config",
]

[[package]]
name = "bitflags"
version = "1.3.2"
source = "registry+https://github.com/rust-lang/crates.io-index"
checksum = "bef38d45163c2f1dde094a7dfd33ccf595c92905c8f8f4fdc18d06fb1037718a"

[[package]]
name = "c_vec"
version = "1.2.1"
source = "registry+https://github.com/rust-lang/crates.io-index"
checksum = "6237ac5a4b1e81c213c24c6437964c61e646df910a914b4ab1487b46df20bd13"

[[package]]
name = "cairo-rs"
version = "0.3.0"
source = "registry+https://github.com/rust-lang/crates.io-index"
checksum = "b6b5695f59fd036fe5741bc5a4eb20c78fbe42256e3b08a2af26bbcbe8070bf3"
dependencies = [
 "c_vec",
 "cairo-sys-rs",
 "glib",
 "glib-sys",
 "libc",
 "winapi",
]

[[package]]
name = "cairo-sys-rs"
version = "0.5.0"
source = "registry+https://github.com/rust-lang/crates.io-index"
checksum = "7c6e18fecaeac51809db57f45f4553cc0975225a7eb435a7a7e91e5e8113a84d"
dependencies = [
 "libc",
 "pkg-config",
 "winapi",
]

[[package]]
name = "gdk"
version = "0.7.0"
source = "registry+https://github.com/rust-lang/crates.io-index"
checksum = "a1e51db95be6565011bcd5cd99f9b17fdd585001057a999b21e09f1e8c28deb9"
dependencies = [
 "bitflags",
 "cairo-rs",
 "cairo-sys-rs",
 "gdk-pixbuf",
 "gdk-sys",
 "gio",
 "glib",
 "glib-sys",
 "gobject-sys",
 "libc",
 "pango",
]

[[package]]
name = "gdk-pixbuf"
version = "0.3.0"
source = "registry+https://github.com/rust-lang/crates.io-index"
checksum = "16160d212ae91abe9f3324c3fb233929ba322dde63585d15cda3336f8c529ed1"
dependencies = [
 "gdk-pixbuf-sys",
 "glib",
 "glib-sys",
 "gobject-sys",
 "libc",
]

[[package]]
name = "gdk-pixbuf-sys"
version = "0.5.0"
source = "registry+https://github.com/rust-lang/crates.io-index"
checksum = "798f97101eea8180da363d0e80e07ec7ec6d1809306601c0100c1de5bc8b4f52"
dependencies = [
 "bitflags",
 "gio-sys",
 "glib-sys",
 "gobject-sys",
 "libc",
 "pkg-config",
]

[[package]]
name = "gdk-sys"
version = "0.5.0"
source = "registry+https://github.com/rust-lang/crates.io-index"
checksum = "d4ee916f5f25c5f4b21bd9dcb12a216ae697406940ff9476358c308a8ececada"
dependencies = [
 "bitflags",
 "cairo-sys-rs",
 "gdk-pixbuf-sys",
 "gio-sys",
 "glib-sys",
 "gobject-sys",
 "libc",
 "pango-sys",
 "pkg-config",
]

[[package]]
name = "gio"
version = "0.3.0"
source = "registry+https://github.com/rust-lang/crates.io-index"
checksum = "84ba5a2beb559059a0c9c2bd3681743cdede8d9a36c775840bca800333b22867"
dependencies = [
 "bitflags",
 "gio-sys",
 "glib",
 "glib-sys",
 "gobject-sys",
 "libc",
]

[[package]]
name = "gio-sys"
version = "0.5.0"
source = "registry+https://github.com/rust-lang/crates.io-index"
checksum = "a303bbf7a5e75ab3b627117ff10e495d1b9e97e1d68966285ac2b1f6270091bc"
dependencies = [
 "bitflags",
 "glib-sys",
 "gobject-sys",
 "libc",
 "pkg-config",
]

[[package]]
name = "glib"
version = "0.4.1"
source = "registry+https://github.com/rust-lang/crates.io-index"
checksum = "b9b0452824cc63066940f01adc721804919f0b76cdba3cfab977b00b87f16d4a"
dependencies = [
 "bitflags",
 "glib-sys",
 "gobject-sys",
 "lazy_static",
 "libc",
]

[[package]]
name = "glib-sys"
version = "0.5.0"
source = "registry+https://github.com/rust-lang/crates.io-index"
checksum = "d9693049613ff52b93013cc3d2590366d8e530366d288438724b73f6c7dc4be8"
dependencies = [
 "bitflags",
 "libc",
 "pkg-config",
]

[[package]]
name = "gobject-sys"
version = "0.5.0"
source = "registry+https://github.com/rust-lang/crates.io-index"
checksum = "60d507c87a71b1143c66ed21a969be9b99a76df234b342d733e787e6c9c7d7c2"
dependencies = [
 "bitflags",
 "glib-sys",
 "libc",
 "pkg-config",
]

[[package]]
name = "gtk"
version = "0.3.0"
source = "registry+https://github.com/rust-lang/crates.io-index"
checksum = "0847c507e52c1feaede13ef56fb4847742438602655449d5f1f782e8633f146f"
dependencies = [
 "bitflags",
 "cairo-rs",
 "cairo-sys-rs",
 "gdk",
 "gdk-pixbuf",
 "gdk-pixbuf-sys",
 "gdk-sys",
 "gio",
 "gio-sys",
 "glib",
 "glib-sys",
 "gobject-sys",
 "gtk-sys",
 "libc",
 "pango",
]

[[package]]
name = "gtk-sys"
version = "0.5.0"
source = "registry+https://github.com/rust-lang/crates.io-index"
checksum = "905fcfbaaad1b44ec0b4bba9e4d527d728284c62bc2ba41fccedace2b096766f"
dependencies = [
 "atk-sys",
 "bitflags",
 "cairo-sys-rs",
 "gdk-pixbuf-sys",
 "gdk-sys",
 "gio-sys",
 "glib-sys",
 "gobject-sys",
 "libc",
 "pango-sys",
 "pkg-config",
]

[[package]]
name = "lazy_static"
version = "1.4.0"
source = "registry+https://github.com/rust-lang/crates.io-index"
checksum = "e2abad23fbc42b3700f2f279844dc832adb2b2eb069b2df918f455c4e18cc646"

[[package]]
name = "libc"
version = "0.2.139"
source = "registry+https://github.com/rust-lang/crates.io-index"
checksum = "201de327520df007757c1f0adce6e827fe8562fbc28bfd9c15571c66ca1f5f79"

[[package]]
name = "pango"
version = "0.3.0"
source = "registry+https://github.com/rust-lang/crates.io-index"
checksum = "3e81c404ab81ea7ea2fc2431a0a7672507b80e4b8bf4b41eac3fc83cc665104e"
dependencies = [
 "bitflags",
 "glib",
 "glib-sys",
 "gobject-sys",
 "libc",
 "pango-sys",
]

[[package]]
name = "pango-sys"
version = "0.5.0"
source = "registry+https://github.com/rust-lang/crates.io-index"
checksum = "34f34a1be107fe16abb2744e0e206bee4b3b07460b5fddd3009a6aaf60bd69ab"
dependencies = [
 "bitflags",
 "glib-sys",
 "gobject-sys",
 "libc",
 "pkg-config",
]

[[package]]
name = "pkg-config"
version = "0.3.26"
source = "registry+https://github.com/rust-lang/crates.io-index"
checksum = "6ac9a59f73473f1b8d852421e59e64809f025994837ef743615c6d0c5b305160"

[[package]]
name = "rusic"
version = "0.1.0"
dependencies = [
 "gio",
 "gtk",
]

[[package]]
name = "winapi"
version = "0.2.8"
source = "registry+https://github.com/rust-lang/crates.io-index"
checksum = "167dc9d6949a9b857f3451275e911c3f44255842c1f7a76f33c55103a909087a"
